
Microsoft Visual Studio Solution File, Format Version 10.00
# Visual Studio 2008
Project("{FAE04EC0-301F-11D3-BF4B-00C04F79EFBC}") = "Tests", "Tests\Tests.csproj", "{67FD60E4-2E99-449A-AFEB-1B343DC881FD}"
EndProject
Project("{FAE04EC0-301F-11D3-BF4B-00C04F79EFBC}") = "SpeakLib.Utilities", "SpeakLib.Utilities\SpeakLib.Utilities.csproj", "{E38CF0D5-8B70-419F-A11E-F978C90ABD1A}"
EndProject
Project("{FAE04EC0-301F-11D3-BF4B-00C04F79EFBC}") = "Frontend.Web.Utilities", "Frontend.Web.Utilities\Frontend.Web.Utilities.csproj", "{AB91E651-03C8-4E27-844C-73A2A10703A3}"
EndProject
Project("{FAE04EC0-301F-11D3-BF4B-00C04F79EFBC}") = "Test.SpeakTag", "Tests.SpeakTag\Test.SpeakTag.csproj", "{65922793-BC5E-4ABD-8357-6EF1896249E8}"
EndProject
Project("{FAE04EC0-301F-11D3-BF4B-00C04F79EFBC}") = "Frontend.Web.Starter-Layout-Basic", "Frontend.Web.Starter-Layout-Basic\Frontend.Web.Starter-Layout-Basic.csproj", "{C7284E6A-0454-4A86-B84D-50179F23A42F}"
EndProject
Project("{FAE04EC0-301F-11D3-BF4B-00C04F79EFBC}") = "WebShot", "WebShot\WebShot.csproj", "{213FA635-4F2B-44FC-916A-15552A9C69A0}"
EndProject
Project("{FAE04EC0-301F-11D3-BF4B-00C04F79EFBC}") = "SpeakLib.FileUpload", "SpeakLib.FileUpload\SpeakLib.FileUpload.csproj", "{3C59702B-AC0A-46F1-8859-324C40A13A19}"
EndProject
Project("{FAE04EC0-301F-11D3-BF4B-00C04F79EFBC}") = "ExampleApp.Core", "ExampleApp.Core\ExampleApp.Core.csproj", "{678E2425-56AD-4DCD-99BB-78F71E630C97}"
EndProject
Project("{FAE04EC0-301F-11D3-BF4B-00C04F79EFBC}") = "Tests.Usefulness", "Tests.Usefulness\Tests.Usefulness.csproj", "{39CF618D-60C4-45A7-8F79-92D716EE2F7A}"
EndProject
Project("{2150E333-8FDC-42A3-9474-1A3956D46DE8}") = "Solution Items", "Solution Items", "{0D02A517-D939-4BAD-AD65-3E22D52EF0EC}"
	ProjectSection(SolutionItems) = preProject
		LocalTestRun.testrunconfig = LocalTestRun.testrunconfig
		Speak-Lib.vsmdi = Speak-Lib.vsmdi
	EndProjectSection
EndProject
Global
	GlobalSection(TestCaseManagementSettings) = postSolution
		CategoryFile = Speak-Lib.vsmdi
	EndGlobalSection
	GlobalSection(SolutionConfigurationPlatforms) = preSolution
		Debug|Any CPU = Debug|Any CPU
		Release|Any CPU = Release|Any CPU
		ShowTranslationPanel|Any CPU = ShowTranslationPanel|Any CPU
	EndGlobalSection
	GlobalSection(ProjectConfigurationPlatforms) = postSolution
		{67FD60E4-2E99-449A-AFEB-1B343DC881FD}.Debug|Any CPU.ActiveCfg = Debug|Any CPU
		{67FD60E4-2E99-449A-AFEB-1B343DC881FD}.Debug|Any CPU.Build.0 = Debug|Any CPU
		{67FD60E4-2E99-449A-AFEB-1B343DC881FD}.Release|Any CPU.ActiveCfg = Release|Any CPU
		{67FD60E4-2E99-449A-AFEB-1B343DC881FD}.Release|Any CPU.Build.0 = Release|Any CPU
		{67FD60E4-2E99-449A-AFEB-1B343DC881FD}.ShowTranslationPanel|Any CPU.ActiveCfg = Release|Any CPU
		{67FD60E4-2E99-449A-AFEB-1B343DC881FD}.ShowTranslationPanel|Any CPU.Build.0 = Release|Any CPU
		{E38CF0D5-8B70-419F-A11E-F978C90ABD1A}.Debug|Any CPU.ActiveCfg = Debug|Any CPU
		{E38CF0D5-8B70-419F-A11E-F978C90ABD1A}.Debug|Any CPU.Build.0 = Debug|Any CPU
		{E38CF0D5-8B70-419F-A11E-F978C90ABD1A}.Release|Any CPU.ActiveCfg = Release|Any CPU
		{E38CF0D5-8B70-419F-A11E-F978C90ABD1A}.Release|Any CPU.Build.0 = Release|Any CPU
		{E38CF0D5-8B70-419F-A11E-F978C90ABD1A}.ShowTranslationPanel|Any CPU.ActiveCfg = ShowTranslationPanel|Any CPU
		{E38CF0D5-8B70-419F-A11E-F978C90ABD1A}.ShowTranslationPanel|Any CPU.Build.0 = ShowTranslationPanel|Any CPU
		{AB91E651-03C8-4E27-844C-73A2A10703A3}.Debug|Any CPU.ActiveCfg = Debug|Any CPU
		{AB91E651-03C8-4E27-844C-73A2A10703A3}.Debug|Any CPU.Build.0 = Debug|Any CPU
		{AB91E651-03C8-4E27-844C-73A2A10703A3}.Release|Any CPU.ActiveCfg = Release|Any CPU
		{AB91E651-03C8-4E27-844C-73A2A10703A3}.Release|Any CPU.Build.0 = Release|Any CPU
		{AB91E651-03C8-4E27-844C-73A2A10703A3}.ShowTranslationPanel|Any CPU.ActiveCfg = Release|Any CPU
		{AB91E651-03C8-4E27-844C-73A2A10703A3}.ShowTranslationPanel|Any CPU.Build.0 = Release|Any CPU
		{65922793-BC5E-4ABD-8357-6EF1896249E8}.Debug|Any CPU.ActiveCfg = Debug|Any CPU
		{65922793-BC5E-4ABD-8357-6EF1896249E8}.Debug|Any CPU.Build.0 = Debug|Any CPU
		{65922793-BC5E-4ABD-8357-6EF1896249E8}.Release|Any CPU.ActiveCfg = Release|Any CPU
		{65922793-BC5E-4ABD-8357-6EF1896249E8}.Release|Any CPU.Build.0 = Release|Any CPU
		{65922793-BC5E-4ABD-8357-6EF1896249E8}.ShowTranslationPanel|Any CPU.ActiveCfg = Release|Any CPU
		{65922793-BC5E-4ABD-8357-6EF1896249E8}.ShowTranslationPanel|Any CPU.Build.0 = Release|Any CPU
		{C7284E6A-0454-4A86-B84D-50179F23A42F}.Debug|Any CPU.ActiveCfg = Debug|Any CPU
		{C7284E6A-0454-4A86-B84D-50179F23A42F}.Debug|Any CPU.Build.0 = Debug|Any CPU
		{C7284E6A-0454-4A86-B84D-50179F23A42F}.Release|Any CPU.ActiveCfg = Release|Any CPU
		{C7284E6A-0454-4A86-B84D-50179F23A42F}.Release|Any CPU.Build.0 = Release|Any CPU
		{C7284E6A-0454-4A86-B84D-50179F23A42F}.ShowTranslationPanel|Any CPU.ActiveCfg = Release|Any CPU
		{C7284E6A-0454-4A86-B84D-50179F23A42F}.ShowTranslationPanel|Any CPU.Build.0 = Release|Any CPU
		{213FA635-4F2B-44FC-916A-15552A9C69A0}.Debug|Any CPU.ActiveCfg = Debug|Any CPU
		{213FA635-4F2B-44FC-916A-15552A9C69A0}.Debug|Any CPU.Build.0 = Debug|Any CPU
		{213FA635-4F2B-44FC-916A-15552A9C69A0}.Release|Any CPU.ActiveCfg = Release|Any CPU
		{213FA635-4F2B-44FC-916A-15552A9C69A0}.Release|Any CPU.Build.0 = Release|Any CPU
		{213FA635-4F2B-44FC-916A-15552A9C69A0}.ShowTranslationPanel|Any CPU.ActiveCfg = Release|Any CPU
		{213FA635-4F2B-44FC-916A-15552A9C69A0}.ShowTranslationPanel|Any CPU.Build.0 = Release|Any CPU
		{3C59702B-AC0A-46F1-8859-324C40A13A19}.Debug|Any CPU.ActiveCfg = Debug|Any CPU
		{3C59702B-AC0A-46F1-8859-324C40A13A19}.Debug|Any CPU.Build.0 = Debug|Any CPU
		{3C59702B-AC0A-46F1-8859-324C40A13A19}.Release|Any CPU.ActiveCfg = Release|Any CPU
		{3C59702B-AC0A-46F1-8859-324C40A13A19}.Release|Any CPU.Build.0 = Release|Any CPU
		{3C59702B-AC0A-46F1-8859-324C40A13A19}.ShowTranslationPanel|Any CPU.ActiveCfg = Release|Any CPU
		{3C59702B-AC0A-46F1-8859-324C40A13A19}.ShowTranslationPanel|Any CPU.Build.0 = Release|Any CPU
		{678E2425-56AD-4DCD-99BB-78F71E630C97}.Debug|Any CPU.ActiveCfg = Debug|Any CPU
		{678E2425-56AD-4DCD-99BB-78F71E630C97}.Debug|Any CPU.Build.0 = Debug|Any CPU
		{678E2425-56AD-4DCD-99BB-78F71E630C97}.Release|Any CPU.ActiveCfg = Release|Any CPU
		{678E2425-56AD-4DCD-99BB-78F71E630C97}.Release|Any CPU.Build.0 = Release|Any CPU
		{678E2425-56AD-4DCD-99BB-78F71E630C97}.ShowTranslationPanel|Any CPU.ActiveCfg = Release|Any CPU
		{678E2425-56AD-4DCD-99BB-78F71E630C97}.ShowTranslationPanel|Any CPU.Build.0 = Release|Any CPU
		{39CF618D-60C4-45A7-8F79-92D716EE2F7A}.Debug|Any CPU.ActiveCfg = Debug|Any CPU
		{39CF618D-60C4-45A7-8F79-92D716EE2F7A}.Debug|Any CPU.Build.0 = Debug|Any CPU
		{39CF618D-60C4-45A7-8F79-92D716EE2F7A}.Release|Any CPU.ActiveCfg = Release|Any CPU
		{39CF618D-60C4-45A7-8F79-92D716EE2F7A}.Release|Any CPU.Build.0 = Release|Any CPU
		{39CF618D-60C4-45A7-8F79-92D716EE2F7A}.ShowTranslationPanel|Any CPU.ActiveCfg = Release|Any CPU
		{39CF618D-60C4-45A7-8F79-92D716EE2F7A}.ShowTranslationPanel|Any CPU.Build.0 = Release|Any CPU
	EndGlobalSection
	GlobalSection(SolutionProperties) = preSolution
		HideSolutionNode = FALSE
	EndGlobalSection
EndGlobal
